
Microsoft Visual Studio Solution File, Format Version 12.00
# Visual Studio Version 17
VisualStudioVersion = 17.11.35312.102
MinimumVisualStudioVersion = 10.0.40219.1
Project("{FAE04EC0-301F-11D3-BF4B-00C04F79EFBC}") = "redBayesianaPeliculasFidel", "redBayesianaPeliculasFidel\redBayesianaPeliculasFidel.csproj", "{1D733004-F8A7-4E23-92E6-CC9D41CDFC18}"
EndProject
Global
	GlobalSection(SolutionConfigurationPlatforms) = preSolution
		Debug|Any CPU = Debug|Any CPU
		Release|Any CPU = Release|Any CPU
	EndGlobalSection
	GlobalSection(ProjectConfigurationPlatforms) = postSolution
		{1D733004-F8A7-4E23-92E6-CC9D41CDFC18}.Debug|Any CPU.ActiveCfg = Debug|Any CPU
		{1D733004-F8A7-4E23-92E6-CC9D41CDFC18}.Debug|Any CPU.Build.0 = Debug|Any CPU
		{1D733004-F8A7-4E23-92E6-CC9D41CDFC18}.Release|Any CPU.ActiveCfg = Release|Any CPU
		{1D733004-F8A7-4E23-92E6-CC9D41CDFC18}.Release|Any CPU.Build.0 = Release|Any CPU
	EndGlobalSection
	GlobalSection(SolutionProperties) = preSolution
		HideSolutionNode = FALSE
	EndGlobalSection
	GlobalSection(ExtensibilityGlobals) = postSolution
		SolutionGuid = {3806CD46-39CF-465D-918D-4103DA7D62C9}
	EndGlobalSection
EndGlobal
